
Microsoft Visual Studio Solution File, Format Version 12.00
# Visual Studio 15
Project("{FAE04EC0-301F-11D3-BF4B-00C04F79EFBC}") = "AppiCotiza", "AppiCotiza.csproj", "{B752AB3C-EE9D-4386-B296-8E414F4D641B}"
EndProject
Global
	GlobalSection(SolutionConfigurationPlatforms) = preSolution
		Debug|Any CPU = Debug|Any CPU
		Release|Any CPU = Release|Any CPU
	EndGlobalSection
	GlobalSection(ProjectConfigurationPlatforms) = postSolution
		{B752AB3C-EE9D-4386-B296-8E414F4D641B}.Debug|Any CPU.ActiveCfg = Debug|Any CPU
		{B752AB3C-EE9D-4386-B296-8E414F4D641B}.Debug|Any CPU.Build.0 = Debug|Any CPU
		{B752AB3C-EE9D-4386-B296-8E414F4D641B}.Release|Any CPU.ActiveCfg = Release|Any CPU
		{B752AB3C-EE9D-4386-B296-8E414F4D641B}.Release|Any CPU.Build.0 = Release|Any CPU
	EndGlobalSection
EndGlobal
